
Microsoft Visual Studio Solution File, Format Version 12.00
# Visual Studio Version 16
VisualStudioVersion = 16.0.31321.278
MinimumVisualStudioVersion = 10.0.40219.1
Project("{FAE04EC0-301F-11D3-BF4B-00C04F79EFBC}") = "Email", "Email\Email.csproj", "{2084DC54-9671-4963-80CD-BECBE4872EE5}"
EndProject
Global
	GlobalSection(SolutionConfigurationPlatforms) = preSolution
		Debug|Any CPU = Debug|Any CPU
		Release|Any CPU = Release|Any CPU
	EndGlobalSection
	GlobalSection(ProjectConfigurationPlatforms) = postSolution
		{2084DC54-9671-4963-80CD-BECBE4872EE5}.Debug|Any CPU.ActiveCfg = Debug|Any CPU
		{2084DC54-9671-4963-80CD-BECBE4872EE5}.Debug|Any CPU.Build.0 = Debug|Any CPU
		{2084DC54-9671-4963-80CD-BECBE4872EE5}.Release|Any CPU.ActiveCfg = Release|Any CPU
		{2084DC54-9671-4963-80CD-BECBE4872EE5}.Release|Any CPU.Build.0 = Release|Any CPU
	EndGlobalSection
	GlobalSection(SolutionProperties) = preSolution
		HideSolutionNode = FALSE
	EndGlobalSection
	GlobalSection(ExtensibilityGlobals) = postSolution
		SolutionGuid = {15D1E708-EDC1-445D-9511-6E6497C0AFEF}
	EndGlobalSection
EndGlobal
